# This file is automatically @generated by Cargo.
# It is not intended for manual editing.
version = 4

[[package]]
name = "build-print"
version = "0.1.1"
source = "registry+https://github.com/rust-lang/crates.io-index"
checksum = "4a2128d00b7061b82b72844a351e80acd29e05afc60e9261e2ac90dca9ecc2ac"

[[package]]
name = "libR-sys"
version = "0.8.0"
dependencies = [
 "build-print",
]
